// !$*UTF8*$!
{
	archiveVersion = 1;
	classes = {
	};
	objectVersion = 46;
	objects = {

/* Begin PBXBuildFile section */
		32D824B78167B147773E0967 /* Pods_CatOnCouldTests.framework in Frameworks */ = {isa = PBXBuildFile; fileRef = B48F0400773E3EB5A98EAE7B /* Pods_CatOnCouldTests.framework */; };
		981FCBFDE98FFFC99A754E75 /* Pods_CatOnCould.framework in Frameworks */ = {isa = PBXBuildFile; fileRef = 113488A1E2AAF282888C3944 /* Pods_CatOnCould.framework */; };
		A5088FF51F8E0B2A00219762 /* AppDelegate.swift in Sources */ = {isa = PBXBuildFile; fileRef = A5088FF41F8E0B2A00219762 /* AppDelegate.swift */; };
		A5088FF71F8E0B2A00219762 /* ViewController.swift in Sources */ = {isa = PBXBuildFile; fileRef = A5088FF61F8E0B2A00219762 /* ViewController.swift */; };
		A5088FFA1F8E0B2A00219762 /* Main.storyboard in Resources */ = {isa = PBXBuildFile; fileRef = A5088FF81F8E0B2A00219762 /* Main.storyboard */; };
		A5088FFC1F8E0B2A00219762 /* Assets.xcassets in Resources */ = {isa = PBXBuildFile; fileRef = A5088FFB1F8E0B2A00219762 /* Assets.xcassets */; };
		A5088FFF1F8E0B2A00219762 /* LaunchScreen.storyboard in Resources */ = {isa = PBXBuildFile; fileRef = A5088FFD1F8E0B2A00219762 /* LaunchScreen.storyboard */; };
		A529BE6B1FA9BBD90008305C /* MainScreenViewModel.swift in Sources */ = {isa = PBXBuildFile; fileRef = A529BE6A1FA9BBD90008305C /* MainScreenViewModel.swift */; };
		A529BE711FA9BCB60008305C /* MainScreenViewController.swift in Sources */ = {isa = PBXBuildFile; fileRef = A529BE701FA9BCB60008305C /* MainScreenViewController.swift */; };
		A529BE731FA9C3440008305C /* LoginCredential.swift in Sources */ = {isa = PBXBuildFile; fileRef = A529BE721FA9C3440008305C /* LoginCredential.swift */; };
		A529BE751FA9C3790008305C /* LoginKey.swift in Sources */ = {isa = PBXBuildFile; fileRef = A529BE741FA9C3790008305C /* LoginKey.swift */; };
		A529BE771FA9C39E0008305C /* LoginError.swift in Sources */ = {isa = PBXBuildFile; fileRef = A529BE761FA9C39E0008305C /* LoginError.swift */; };
		A529BE7A1FA9C3E10008305C /* LoginService.swift in Sources */ = {isa = PBXBuildFile; fileRef = A529BE791FA9C3E10008305C /* LoginService.swift */; };
		A529BE7D1FA9C73A0008305C /* translater.swift in Sources */ = {isa = PBXBuildFile; fileRef = A529BE7C1FA9C73A0008305C /* translater.swift */; };
		A529BE7F1FA9CBAB0008305C /* LoginKeyTranslator.swift in Sources */ = {isa = PBXBuildFile; fileRef = A529BE7E1FA9CBAB0008305C /* LoginKeyTranslator.swift */; };
		A54F4D471F974B6700FB9CCE /* CatOnCouldTests.swift in Sources */ = {isa = PBXBuildFile; fileRef = A54F4D461F974B6700FB9CCE /* CatOnCouldTests.swift */; };
		A54F4D4F1F974F6900FB9CCE /* LoginViewModel.swift in Sources */ = {isa = PBXBuildFile; fileRef = A54F4D4E1F974F6900FB9CCE /* LoginViewModel.swift */; };
		A54F4D511F9756FA00FB9CCE /* TestFile.swift in Sources */ = {isa = PBXBuildFile; fileRef = A54F4D501F9756F900FB9CCE /* TestFile.swift */; };
		A5A4C2271FD6843C00D93616 /* CatCellViewModel.swift in Sources */ = {isa = PBXBuildFile; fileRef = A5A4C2261FD6843C00D93616 /* CatCellViewModel.swift */; };
		A5A4C2291FD90CD900D93616 /* CatsTableViewController.swift in Sources */ = {isa = PBXBuildFile; fileRef = A5A4C2281FD90CD900D93616 /* CatsTableViewController.swift */; };
		A5A4C2331FD9166F00D93616 /* CatTableViewCell.swift in Sources */ = {isa = PBXBuildFile; fileRef = A5A4C2321FD9166F00D93616 /* CatTableViewCell.swift */; };
		A5A4C2351FDA2E5A00D93616 /* CatService.swift in Sources */ = {isa = PBXBuildFile; fileRef = A5A4C2341FDA2E5A00D93616 /* CatService.swift */; };
		A5A4C2371FDA2FF000D93616 /* CatTranslator.swift in Sources */ = {isa = PBXBuildFile; fileRef = A5A4C2361FDA2FF000D93616 /* CatTranslator.swift */; };
		A5F902E41FA0801A002DF72C /* CatModel.swift in Sources */ = {isa = PBXBuildFile; fileRef = A5F902E31FA0801A002DF72C /* CatModel.swift */; };
		A5F902E61FA0808E002DF72C /* CatViewModel.swift in Sources */ = {isa = PBXBuildFile; fileRef = A5F902E51FA0808E002DF72C /* CatViewModel.swift */; };
/* End PBXBuildFile section */

/* Begin PBXContainerItemProxy section */
		A54F4D491F974B6700FB9CCE /* PBXContainerItemProxy */ = {
			isa = PBXContainerItemProxy;
			containerPortal = A5088FE91F8E0B2A00219762 /* Project object */;
			proxyType = 1;
			remoteGlobalIDString = A5088FF01F8E0B2A00219762;
			remoteInfo = CatOnCould;
		};
/* End PBXContainerItemProxy section */

/* Begin PBXFileReference section */
		00D41F4AD3EBF924467464D0 /* Pods-CatOnCouldTests.release.xcconfig */ = {isa = PBXFileReference; includeInIndex = 1; lastKnownFileType = text.xcconfig; name = "Pods-CatOnCouldTests.release.xcconfig"; path = "Pods/Target Support Files/Pods-CatOnCouldTests/Pods-CatOnCouldTests.release.xcconfig"; sourceTree = "<group>"; };
		113488A1E2AAF282888C3944 /* Pods_CatOnCould.framework */ = {isa = PBXFileReference; explicitFileType = wrapper.framework; includeInIndex = 0; path = Pods_CatOnCould.framework; sourceTree = BUILT_PRODUCTS_DIR; };
		564F4852DAE4662CDDDE2C81 /* Pods-CatOnCould.release.xcconfig */ = {isa = PBXFileReference; includeInIndex = 1; lastKnownFileType = text.xcconfig; name = "Pods-CatOnCould.release.xcconfig"; path = "Pods/Target Support Files/Pods-CatOnCould/Pods-CatOnCould.release.xcconfig"; sourceTree = "<group>"; };
		A5088FF11F8E0B2A00219762 /* CatOnCould.app */ = {isa = PBXFileReference; explicitFileType = wrapper.application; includeInIndex = 0; path = CatOnCould.app; sourceTree = BUILT_PRODUCTS_DIR; };
		A5088FF41F8E0B2A00219762 /* AppDelegate.swift */ = {isa = PBXFileReference; lastKnownFileType = sourcecode.swift; path = AppDelegate.swift; sourceTree = "<group>"; };
		A5088FF61F8E0B2A00219762 /* ViewController.swift */ = {isa = PBXFileReference; lastKnownFileType = sourcecode.swift; path = ViewController.swift; sourceTree = "<group>"; };
		A5088FF91F8E0B2A00219762 /* Base */ = {isa = PBXFileReference; lastKnownFileType = file.storyboard; name = Base; path = Base.lproj/Main.storyboard; sourceTree = "<group>"; };
		A5088FFB1F8E0B2A00219762 /* Assets.xcassets */ = {isa = PBXFileReference; lastKnownFileType = folder.assetcatalog; path = Assets.xcassets; sourceTree = "<group>"; };
		A5088FFE1F8E0B2A00219762 /* Base */ = {isa = PBXFileReference; lastKnownFileType = file.storyboard; name = Base; path = Base.lproj/LaunchScreen.storyboard; sourceTree = "<group>"; };
		A50890001F8E0B2A00219762 /* Info.plist */ = {isa = PBXFileReference; lastKnownFileType = text.plist.xml; path = Info.plist; sourceTree = "<group>"; };
		A529BE6A1FA9BBD90008305C /* MainScreenViewModel.swift */ = {isa = PBXFileReference; lastKnownFileType = sourcecode.swift; path = MainScreenViewModel.swift; sourceTree = "<group>"; };
		A529BE701FA9BCB60008305C /* MainScreenViewController.swift */ = {isa = PBXFileReference; lastKnownFileType = sourcecode.swift; path = MainScreenViewController.swift; sourceTree = "<group>"; };
		A529BE721FA9C3440008305C /* LoginCredential.swift */ = {isa = PBXFileReference; lastKnownFileType = sourcecode.swift; path = LoginCredential.swift; sourceTree = "<group>"; };
		A529BE741FA9C3790008305C /* LoginKey.swift */ = {isa = PBXFileReference; lastKnownFileType = sourcecode.swift; path = LoginKey.swift; sourceTree = "<group>"; };
		A529BE761FA9C39E0008305C /* LoginError.swift */ = {isa = PBXFileReference; lastKnownFileType = sourcecode.swift; path = LoginError.swift; sourceTree = "<group>"; };
		A529BE791FA9C3E10008305C /* LoginService.swift */ = {isa = PBXFileReference; lastKnownFileType = sourcecode.swift; path = LoginService.swift; sourceTree = "<group>"; };
		A529BE7C1FA9C73A0008305C /* translater.swift */ = {isa = PBXFileReference; lastKnownFileType = sourcecode.swift; path = translater.swift; sourceTree = "<group>"; };
		A529BE7E1FA9CBAB0008305C /* LoginKeyTranslator.swift */ = {isa = PBXFileReference; lastKnownFileType = sourcecode.swift; path = LoginKeyTranslator.swift; sourceTree = "<group>"; };
		A54F4D441F974B6700FB9CCE /* CatOnCouldTests.xctest */ = {isa = PBXFileReference; explicitFileType = wrapper.cfbundle; includeInIndex = 0; path = CatOnCouldTests.xctest; sourceTree = BUILT_PRODUCTS_DIR; };
		A54F4D461F974B6700FB9CCE /* CatOnCouldTests.swift */ = {isa = PBXFileReference; lastKnownFileType = sourcecode.swift; path = CatOnCouldTests.swift; sourceTree = "<group>"; };
		A54F4D481F974B6700FB9CCE /* Info.plist */ = {isa = PBXFileReference; lastKnownFileType = text.plist.xml; path = Info.plist; sourceTree = "<group>"; };
		A54F4D4E1F974F6900FB9CCE /* LoginViewModel.swift */ = {isa = PBXFileReference; lastKnownFileType = sourcecode.swift; path = LoginViewModel.swift; sourceTree = "<group>"; };
		A54F4D501F9756F900FB9CCE /* TestFile.swift */ = {isa = PBXFileReference; lastKnownFileType = sourcecode.swift; path = TestFile.swift; sourceTree = "<group>"; };
		A5A4C2261FD6843C00D93616 /* CatCellViewModel.swift */ = {isa = PBXFileReference; lastKnownFileType = sourcecode.swift; path = CatCellViewModel.swift; sourceTree = "<group>"; };
		A5A4C2281FD90CD900D93616 /* CatsTableViewController.swift */ = {isa = PBXFileReference; lastKnownFileType = sourcecode.swift; path = CatsTableViewController.swift; sourceTree = "<group>"; };
		A5A4C2321FD9166F00D93616 /* CatTableViewCell.swift */ = {isa = PBXFileReference; lastKnownFileType = sourcecode.swift; path = CatTableViewCell.swift; sourceTree = "<group>"; };
		A5A4C2341FDA2E5A00D93616 /* CatService.swift */ = {isa = PBXFileReference; lastKnownFileType = sourcecode.swift; path = CatService.swift; sourceTree = "<group>"; };
		A5A4C2361FDA2FF000D93616 /* CatTranslator.swift */ = {isa = PBXFileReference; lastKnownFileType = sourcecode.swift; path = CatTranslator.swift; sourceTree = "<group>"; };
		A5F902E31FA0801A002DF72C /* CatModel.swift */ = {isa = PBXFileReference; lastKnownFileType = sourcecode.swift; path = CatModel.swift; sourceTree = "<group>"; };
		A5F902E51FA0808E002DF72C /* CatViewModel.swift */ = {isa = PBXFileReference; lastKnownFileType = sourcecode.swift; path = CatViewModel.swift; sourceTree = "<group>"; };
		B48F0400773E3EB5A98EAE7B /* Pods_CatOnCouldTests.framework */ = {isa = PBXFileReference; explicitFileType = wrapper.framework; includeInIndex = 0; path = Pods_CatOnCouldTests.framework; sourceTree = BUILT_PRODUCTS_DIR; };
		E3D0235BA15AF19516ED1768 /* Pods-CatOnCouldTests.debug.xcconfig */ = {isa = PBXFileReference; includeInIndex = 1; lastKnownFileType = text.xcconfig; name = "Pods-CatOnCouldTests.debug.xcconfig"; path = "Pods/Target Support Files/Pods-CatOnCouldTests/Pods-CatOnCouldTests.debug.xcconfig"; sourceTree = "<group>"; };
		FD04254D3EB134D5761A4E54 /* Pods-CatOnCould.debug.xcconfig */ = {isa = PBXFileReference; includeInIndex = 1; lastKnownFileType = text.xcconfig; name = "Pods-CatOnCould.debug.xcconfig"; path = "Pods/Target Support Files/Pods-CatOnCould/Pods-CatOnCould.debug.xcconfig"; sourceTree = "<group>"; };
/* End PBXFileReference section */

/* Begin PBXFrameworksBuildPhase section */
		A5088FEE1F8E0B2A00219762 /* Frameworks */ = {
			isa = PBXFrameworksBuildPhase;
			buildActionMask = 2147483647;
			files = (
				981FCBFDE98FFFC99A754E75 /* Pods_CatOnCould.framework in Frameworks */,
			);
			runOnlyForDeploymentPostprocessing = 0;
		};
		A54F4D411F974B6700FB9CCE /* Frameworks */ = {
			isa = PBXFrameworksBuildPhase;
			buildActionMask = 2147483647;
			files = (
				32D824B78167B147773E0967 /* Pods_CatOnCouldTests.framework in Frameworks */,
			);
			runOnlyForDeploymentPostprocessing = 0;
		};
/* End PBXFrameworksBuildPhase section */

/* Begin PBXGroup section */
		0EE545F61D0B87B07243A07A /* Frameworks */ = {
			isa = PBXGroup;
			children = (
				B48F0400773E3EB5A98EAE7B /* Pods_CatOnCouldTests.framework */,
				113488A1E2AAF282888C3944 /* Pods_CatOnCould.framework */,
			);
			name = Frameworks;
			sourceTree = "<group>";
		};
		A5088FE81F8E0B2A00219762 = {
			isa = PBXGroup;
			children = (
				A5088FF31F8E0B2A00219762 /* CatOnCould */,
				A54F4D451F974B6700FB9CCE /* CatOnCouldTests */,
				0EE545F61D0B87B07243A07A /* Frameworks */,
				CBB0AA927B1557E88DB8EE68 /* Pods */,
				A5088FF21F8E0B2A00219762 /* Products */,
			);
			sourceTree = "<group>";
		};
		A5088FF21F8E0B2A00219762 /* Products */ = {
			isa = PBXGroup;
			children = (
				A5088FF11F8E0B2A00219762 /* CatOnCould.app */,
				A54F4D441F974B6700FB9CCE /* CatOnCouldTests.xctest */,
			);
			name = Products;
			sourceTree = "<group>";
		};
		A5088FF31F8E0B2A00219762 /* CatOnCould */ = {
			isa = PBXGroup;
			children = (
				A5A4C2231FD67B9E00D93616 /* model */,
				A54391441FD535FF00E4DC1C /* cell */,
				A529BE7B1FA9C7240008305C /* translate */,
				A529BE781FA9C3D20008305C /* service */,
				A529BE691FA9BBAD0008305C /* viewmodel */,
				A529BE661FA9BAE90008305C /* controller */,
				A5088FF41F8E0B2A00219762 /* AppDelegate.swift */,
				A5088FFB1F8E0B2A00219762 /* Assets.xcassets */,
				A50890001F8E0B2A00219762 /* Info.plist */,
				A5088FFD1F8E0B2A00219762 /* LaunchScreen.storyboard */,
				A5088FF81F8E0B2A00219762 /* Main.storyboard */,
			);
			path = CatOnCould;
			sourceTree = "<group>";
		};
		A529BE661FA9BAE90008305C /* controller */ = {
			isa = PBXGroup;
			children = (
				A5088FF61F8E0B2A00219762 /* ViewController.swift */,
				A529BE701FA9BCB60008305C /* MainScreenViewController.swift */,
				A5A4C2281FD90CD900D93616 /* CatsTableViewController.swift */,
			);
			path = controller;
			sourceTree = "<group>";
		};
		A529BE691FA9BBAD0008305C /* viewmodel */ = {
			isa = PBXGroup;
			children = (
				A54F4D4E1F974F6900FB9CCE /* LoginViewModel.swift */,
				A5F902E51FA0808E002DF72C /* CatViewModel.swift */,
				A5F902E31FA0801A002DF72C /* CatModel.swift */,
				A529BE6A1FA9BBD90008305C /* MainScreenViewModel.swift */,
				A529BE721FA9C3440008305C /* LoginCredential.swift */,
				A529BE741FA9C3790008305C /* LoginKey.swift */,
				A529BE761FA9C39E0008305C /* LoginError.swift */,
				A5A4C2261FD6843C00D93616 /* CatCellViewModel.swift */,
			);
			path = viewmodel;
			sourceTree = "<group>";
		};
		A529BE781FA9C3D20008305C /* service */ = {
			isa = PBXGroup;
			children = (
				A529BE791FA9C3E10008305C /* LoginService.swift */,
				A5A4C2341FDA2E5A00D93616 /* CatService.swift */,
			);
			path = service;
			sourceTree = "<group>";
		};
		A529BE7B1FA9C7240008305C /* translate */ = {
			isa = PBXGroup;
			children = (
				A529BE7C1FA9C73A0008305C /* translater.swift */,
				A529BE7E1FA9CBAB0008305C /* LoginKeyTranslator.swift */,
				A5A4C2361FDA2FF000D93616 /* CatTranslator.swift */,
			);
			path = translate;
			sourceTree = "<group>";
		};
		A54391441FD535FF00E4DC1C /* cell */ = {
			isa = PBXGroup;
			children = (
				A5A4C2321FD9166F00D93616 /* CatTableViewCell.swift */,
			);
			path = cell;
			sourceTree = "<group>";
		};
		A54F4D451F974B6700FB9CCE /* CatOnCouldTests */ = {
			isa = PBXGroup;
			children = (
				A54F4D461F974B6700FB9CCE /* CatOnCouldTests.swift */,
				A54F4D481F974B6700FB9CCE /* Info.plist */,
				A54F4D501F9756F900FB9CCE /* TestFile.swift */,
			);
			path = CatOnCouldTests;
			sourceTree = "<group>";
		};
		A5A4C2231FD67B9E00D93616 /* model */ = {
			isa = PBXGroup;
			children = (
			);
			path = model;
			sourceTree = "<group>";
		};
		CBB0AA927B1557E88DB8EE68 /* Pods */ = {
			isa = PBXGroup;
			children = (
				E3D0235BA15AF19516ED1768 /* Pods-CatOnCouldTests.debug.xcconfig */,
				00D41F4AD3EBF924467464D0 /* Pods-CatOnCouldTests.release.xcconfig */,
				FD04254D3EB134D5761A4E54 /* Pods-CatOnCould.debug.xcconfig */,
				564F4852DAE4662CDDDE2C81 /* Pods-CatOnCould.release.xcconfig */,
			);
			name = Pods;
			sourceTree = "<group>";
		};
/* End PBXGroup section */

/* Begin PBXNativeTarget section */
		A5088FF01F8E0B2A00219762 /* CatOnCould */ = {
			isa = PBXNativeTarget;
			buildConfigurationList = A50890031F8E0B2A00219762 /* Build configuration list for PBXNativeTarget "CatOnCould" */;
			buildPhases = (
				F7E30BDC7985581F97665351 /* [CP] Check Pods Manifest.lock */,
				A5F902EB1FA08486002DF72C /* ShellScript */,
				A5088FED1F8E0B2A00219762 /* Sources */,
				A5088FEE1F8E0B2A00219762 /* Frameworks */,
				A5088FEF1F8E0B2A00219762 /* Resources */,
				27A4A614E5ADE5E6D3DF23EB /* [CP] Embed Pods Frameworks */,
				62F3764B308EC2E8C47BAEF8 /* [CP] Copy Pods Resources */,
			);
			buildRules = (
			);
			dependencies = (
			);
			name = CatOnCould;
			productName = CatOnCould;
			productReference = A5088FF11F8E0B2A00219762 /* CatOnCould.app */;
			productType = "com.apple.product-type.application";
		};
		A54F4D431F974B6700FB9CCE /* CatOnCouldTests */ = {
			isa = PBXNativeTarget;
			buildConfigurationList = A54F4D4D1F974B6700FB9CCE /* Build configuration list for PBXNativeTarget "CatOnCouldTests" */;
			buildPhases = (
				2EE4FA49D351866DD9C932C4 /* [CP] Check Pods Manifest.lock */,
				A54F4D401F974B6700FB9CCE /* Sources */,
				A54F4D411F974B6700FB9CCE /* Frameworks */,
				A54F4D421F974B6700FB9CCE /* Resources */,
				781C69C705F1136B6EA94A4A /* [CP] Embed Pods Frameworks */,
				B0CEF0D630466E00D44824C4 /* [CP] Copy Pods Resources */,
			);
			buildRules = (
			);
			dependencies = (
				A54F4D4A1F974B6700FB9CCE /* PBXTargetDependency */,
			);
			name = CatOnCouldTests;
			productName = CatOnCouldTests;
			productReference = A54F4D441F974B6700FB9CCE /* CatOnCouldTests.xctest */;
			productType = "com.apple.product-type.bundle.unit-test";
		};
/* End PBXNativeTarget section */

/* Begin PBXProject section */
		A5088FE91F8E0B2A00219762 /* Project object */ = {
			isa = PBXProject;
			attributes = {
				LastSwiftUpdateCheck = 0900;
				LastUpgradeCheck = 0830;
				ORGANIZATIONNAME = "Yang Yi ";
				TargetAttributes = {
					A5088FF01F8E0B2A00219762 = {
						CreatedOnToolsVersion = 8.3.3;
						ProvisioningStyle = Automatic;
					};
					A54F4D431F974B6700FB9CCE = {
						CreatedOnToolsVersion = 9.0;
						ProvisioningStyle = Automatic;
						TestTargetID = A5088FF01F8E0B2A00219762;
					};
				};
			};
			buildConfigurationList = A5088FEC1F8E0B2A00219762 /* Build configuration list for PBXProject "CatOnCould" */;
			compatibilityVersion = "Xcode 3.2";
			developmentRegion = English;
			hasScannedForEncodings = 0;
			knownRegions = (
				en,
				Base,
			);
			mainGroup = A5088FE81F8E0B2A00219762;
			productRefGroup = A5088FF21F8E0B2A00219762 /* Products */;
			projectDirPath = "";
			projectRoot = "";
			targets = (
				A5088FF01F8E0B2A00219762 /* CatOnCould */,
				A54F4D431F974B6700FB9CCE /* CatOnCouldTests */,
			);
		};
/* End PBXProject section */

/* Begin PBXResourcesBuildPhase section */
		A5088FEF1F8E0B2A00219762 /* Resources */ = {
			isa = PBXResourcesBuildPhase;
			buildActionMask = 2147483647;
			files = (
				A5088FFF1F8E0B2A00219762 /* LaunchScreen.storyboard in Resources */,
				A5088FFC1F8E0B2A00219762 /* Assets.xcassets in Resources */,
				A5088FFA1F8E0B2A00219762 /* Main.storyboard in Resources */,
			);
			runOnlyForDeploymentPostprocessing = 0;
		};
		A54F4D421F974B6700FB9CCE /* Resources */ = {
			isa = PBXResourcesBuildPhase;
			buildActionMask = 2147483647;
			files = (
			);
			runOnlyForDeploymentPostprocessing = 0;
		};
/* End PBXResourcesBuildPhase section */

/* Begin PBXShellScriptBuildPhase section */
		27A4A614E5ADE5E6D3DF23EB /* [CP] Embed Pods Frameworks */ = {
			isa = PBXShellScriptBuildPhase;
			buildActionMask = 2147483647;
			files = (
			);
			inputPaths = (
				"${SRCROOT}/Pods/Target Support Files/Pods-CatOnCould/Pods-CatOnCould-frameworks.sh",
				"${BUILT_PRODUCTS_DIR}/R.swift.Library/Rswift.framework",
			);
			name = "[CP] Embed Pods Frameworks";
			outputPaths = (
				"${TARGET_BUILD_DIR}/${FRAMEWORKS_FOLDER_PATH}/Rswift.framework",
			);
			runOnlyForDeploymentPostprocessing = 0;
			shellPath = /bin/sh;
			shellScript = "\"${SRCROOT}/Pods/Target Support Files/Pods-CatOnCould/Pods-CatOnCould-frameworks.sh\"\n";
			showEnvVarsInLog = 0;
		};
		2EE4FA49D351866DD9C932C4 /* [CP] Check Pods Manifest.lock */ = {
			isa = PBXShellScriptBuildPhase;
			buildActionMask = 2147483647;
			files = (
			);
			inputPaths = (
				"${PODS_PODFILE_DIR_PATH}/Podfile.lock",
				"${PODS_ROOT}/Manifest.lock",
			);
			name = "[CP] Check Pods Manifest.lock";
			outputPaths = (
				"$(DERIVED_FILE_DIR)/Pods-CatOnCouldTests-checkManifestLockResult.txt",
			);
			runOnlyForDeploymentPostprocessing = 0;
			shellPath = /bin/sh;
			shellScript = "diff \"${PODS_PODFILE_DIR_PATH}/Podfile.lock\" \"${PODS_ROOT}/Manifest.lock\" > /dev/null\nif [ $? != 0 ] ; then\n    # print error to STDERR\n    echo \"error: The sandbox is not in sync with the Podfile.lock. Run 'pod install' or update your CocoaPods installation.\" >&2\n    exit 1\nfi\n# This output is used by Xcode 'outputs' to avoid re-running this script phase.\necho \"SUCCESS\" > \"${SCRIPT_OUTPUT_FILE_0}\"\n";
			showEnvVarsInLog = 0;
		};
		62F3764B308EC2E8C47BAEF8 /* [CP] Copy Pods Resources */ = {
			isa = PBXShellScriptBuildPhase;
			buildActionMask = 2147483647;
			files = (
			);
			inputPaths = (
			);
			name = "[CP] Copy Pods Resources";
			outputPaths = (
			);
			runOnlyForDeploymentPostprocessing = 0;
			shellPath = /bin/sh;
			shellScript = "\"${SRCROOT}/Pods/Target Support Files/Pods-CatOnCould/Pods-CatOnCould-resources.sh\"\n";
			showEnvVarsInLog = 0;
		};
		781C69C705F1136B6EA94A4A /* [CP] Embed Pods Frameworks */ = {
			isa = PBXShellScriptBuildPhase;
			buildActionMask = 2147483647;
			files = (
			);
			inputPaths = (
				"${SRCROOT}/Pods/Target Support Files/Pods-CatOnCouldTests/Pods-CatOnCouldTests-frameworks.sh",
				"${BUILT_PRODUCTS_DIR}/Nimble/Nimble.framework",
				"${BUILT_PRODUCTS_DIR}/Quick/Quick.framework",
			);
			name = "[CP] Embed Pods Frameworks";
			outputPaths = (
				"${TARGET_BUILD_DIR}/${FRAMEWORKS_FOLDER_PATH}/Nimble.framework",
				"${TARGET_BUILD_DIR}/${FRAMEWORKS_FOLDER_PATH}/Quick.framework",
			);
			runOnlyForDeploymentPostprocessing = 0;
			shellPath = /bin/sh;
			shellScript = "\"${SRCROOT}/Pods/Target Support Files/Pods-CatOnCouldTests/Pods-CatOnCouldTests-frameworks.sh\"\n";
			showEnvVarsInLog = 0;
		};
		A5F902EB1FA08486002DF72C /* ShellScript */ = {
			isa = PBXShellScriptBuildPhase;
			buildActionMask = 2147483647;
			files = (
			);
			inputPaths = (
			);
			outputPaths = (
			);
			runOnlyForDeploymentPostprocessing = 0;
			shellPath = /bin/sh;
			shellScript = "\"$PODS_ROOT/R.swift/rswift\" generate \"$SRCROOT\"";
		};
		B0CEF0D630466E00D44824C4 /* [CP] Copy Pods Resources */ = {
			isa = PBXShellScriptBuildPhase;
			buildActionMask = 2147483647;
			files = (
			);
			inputPaths = (
			);
			name = "[CP] Copy Pods Resources";
			outputPaths = (
			);
			runOnlyForDeploymentPostprocessing = 0;
			shellPath = /bin/sh;
			shellScript = "\"${SRCROOT}/Pods/Target Support Files/Pods-CatOnCouldTests/Pods-CatOnCouldTests-resources.sh\"\n";
			showEnvVarsInLog = 0;
		};
		F7E30BDC7985581F97665351 /* [CP] Check Pods Manifest.lock */ = {
			isa = PBXShellScriptBuildPhase;
			buildActionMask = 2147483647;
			files = (
			);
			inputPaths = (
				"${PODS_PODFILE_DIR_PATH}/Podfile.lock",
				"${PODS_ROOT}/Manifest.lock",
			);
			name = "[CP] Check Pods Manifest.lock";
			outputPaths = (
				"$(DERIVED_FILE_DIR)/Pods-CatOnCould-checkManifestLockResult.txt",
			);
			runOnlyForDeploymentPostprocessing = 0;
			shellPath = /bin/sh;
			shellScript = "diff \"${PODS_PODFILE_DIR_PATH}/Podfile.lock\" \"${PODS_ROOT}/Manifest.lock\" > /dev/null\nif [ $? != 0 ] ; then\n    # print error to STDERR\n    echo \"error: The sandbox is not in sync with the Podfile.lock. Run 'pod install' or update your CocoaPods installation.\" >&2\n    exit 1\nfi\n# This output is used by Xcode 'outputs' to avoid re-running this script phase.\necho \"SUCCESS\" > \"${SCRIPT_OUTPUT_FILE_0}\"\n";
			showEnvVarsInLog = 0;
		};
/* End PBXShellScriptBuildPhase section */

/* Begin PBXSourcesBuildPhase section */
		A5088FED1F8E0B2A00219762 /* Sources */ = {
			isa = PBXSourcesBuildPhase;
			buildActionMask = 2147483647;
			files = (
				A529BE7A1FA9C3E10008305C /* LoginService.swift in Sources */,
				A529BE711FA9BCB60008305C /* MainScreenViewController.swift in Sources */,
				A5F902E41FA0801A002DF72C /* CatModel.swift in Sources */,
				A5A4C2271FD6843C00D93616 /* CatCellViewModel.swift in Sources */,
				A5F902E61FA0808E002DF72C /* CatViewModel.swift in Sources */,
				A54F4D4F1F974F6900FB9CCE /* LoginViewModel.swift in Sources */,
				A529BE7D1FA9C73A0008305C /* translater.swift in Sources */,
				A5A4C2291FD90CD900D93616 /* CatsTableViewController.swift in Sources */,
				A529BE6B1FA9BBD90008305C /* MainScreenViewModel.swift in Sources */,
				A529BE731FA9C3440008305C /* LoginCredential.swift in Sources */,
				A5088FF71F8E0B2A00219762 /* ViewController.swift in Sources */,
				A529BE7F1FA9CBAB0008305C /* LoginKeyTranslator.swift in Sources */,
				A5A4C2371FDA2FF000D93616 /* CatTranslator.swift in Sources */,
				A5A4C2331FD9166F00D93616 /* CatTableViewCell.swift in Sources */,
				A5A4C2351FDA2E5A00D93616 /* CatService.swift in Sources */,
				A529BE751FA9C3790008305C /* LoginKey.swift in Sources */,
				A5088FF51F8E0B2A00219762 /* AppDelegate.swift in Sources */,
				A529BE771FA9C39E0008305C /* LoginError.swift in Sources */,
			);
			runOnlyForDeploymentPostprocessing = 0;
		};
		A54F4D401F974B6700FB9CCE /* Sources */ = {
			isa = PBXSourcesBuildPhase;
			buildActionMask = 2147483647;
			files = (
				A54F4D471F974B6700FB9CCE /* CatOnCouldTests.swift in Sources */,
				A54F4D511F9756FA00FB9CCE /* TestFile.swift in Sources */,
			);
			runOnlyForDeploymentPostprocessing = 0;
		};
/* End PBXSourcesBuildPhase section */

/* Begin PBXTargetDependency section */
		A54F4D4A1F974B6700FB9CCE /* PBXTargetDependency */ = {
			isa = PBXTargetDependency;
			target = A5088FF01F8E0B2A00219762 /* CatOnCould */;
			targetProxy = A54F4D491F974B6700FB9CCE /* PBXContainerItemProxy */;
		};
/* End PBXTargetDependency section */

/* Begin PBXVariantGroup section */
		A5088FF81F8E0B2A00219762 /* Main.storyboard */ = {
			isa = PBXVariantGroup;
			children = (
				A5088FF91F8E0B2A00219762 /* Base */,
			);
			name = Main.storyboard;
			path = .;
			sourceTree = "<group>";
		};
		A5088FFD1F8E0B2A00219762 /* LaunchScreen.storyboard */ = {
			isa = PBXVariantGroup;
			children = (
				A5088FFE1F8E0B2A00219762 /* Base */,
			);
			name = LaunchScreen.storyboard;
			path = .;
			sourceTree = "<group>";
		};
/* End PBXVariantGroup section */

/* Begin XCBuildConfiguration section */
		A50890011F8E0B2A00219762 /* Debug */ = {
			isa = XCBuildConfiguration;
			buildSettings = {
				ALWAYS_SEARCH_USER_PATHS = NO;
				CLANG_ANALYZER_NONNULL = YES;
				CLANG_ANALYZER_NUMBER_OBJECT_CONVERSION = YES_AGGRESSIVE;
				CLANG_CXX_LANGUAGE_STANDARD = "gnu++0x";
				CLANG_CXX_LIBRARY = "libc++";
				CLANG_ENABLE_MODULES = YES;
				CLANG_ENABLE_OBJC_ARC = YES;
				CLANG_WARN_BOOL_CONVERSION = YES;
				CLANG_WARN_CONSTANT_CONVERSION = YES;
				CLANG_WARN_DIRECT_OBJC_ISA_USAGE = YES_ERROR;
				CLANG_WARN_DOCUMENTATION_COMMENTS = YES;
				CLANG_WARN_EMPTY_BODY = YES;
				CLANG_WARN_ENUM_CONVERSION = YES;
				CLANG_WARN_INFINITE_RECURSION = YES;
				CLANG_WARN_INT_CONVERSION = YES;
				CLANG_WARN_OBJC_ROOT_CLASS = YES_ERROR;
				CLANG_WARN_SUSPICIOUS_MOVE = YES;
				CLANG_WARN_UNREACHABLE_CODE = YES;
				CLANG_WARN__DUPLICATE_METHOD_MATCH = YES;
				"CODE_SIGN_IDENTITY[sdk=iphoneos*]" = "iPhone Developer";
				COPY_PHASE_STRIP = NO;
				DEBUG_INFORMATION_FORMAT = dwarf;
				ENABLE_STRICT_OBJC_MSGSEND = YES;
				ENABLE_TESTABILITY = YES;
				GCC_C_LANGUAGE_STANDARD = gnu99;
				GCC_DYNAMIC_NO_PIC = NO;
				GCC_NO_COMMON_BLOCKS = YES;
				GCC_OPTIMIZATION_LEVEL = 0;
				GCC_PREPROCESSOR_DEFINITIONS = (
					"DEBUG=1",
					"$(inherited)",
				);
				GCC_WARN_64_TO_32_BIT_CONVERSION = YES;
				GCC_WARN_ABOUT_RETURN_TYPE = YES_ERROR;
				GCC_WARN_UNDECLARED_SELECTOR = YES;
				GCC_WARN_UNINITIALIZED_AUTOS = YES_AGGRESSIVE;
				GCC_WARN_UNUSED_FUNCTION = YES;
				GCC_WARN_UNUSED_VARIABLE = YES;
				IPHONEOS_DEPLOYMENT_TARGET = 10.3;
				MTL_ENABLE_DEBUG_INFO = YES;
				ONLY_ACTIVE_ARCH = YES;
				SDKROOT = iphoneos;
				SWIFT_ACTIVE_COMPILATION_CONDITIONS = DEBUG;
				SWIFT_OPTIMIZATION_LEVEL = "-Onone";
				TARGETED_DEVICE_FAMILY = "1,2";
			};
			name = Debug;
		};
		A50890021F8E0B2A00219762 /* Release */ = {
			isa = XCBuildConfiguration;
			buildSettings = {
				ALWAYS_SEARCH_USER_PATHS = NO;
				CLANG_ANALYZER_NONNULL = YES;
				CLANG_ANALYZER_NUMBER_OBJECT_CONVERSION = YES_AGGRESSIVE;
				CLANG_CXX_LANGUAGE_STANDARD = "gnu++0x";
				CLANG_CXX_LIBRARY = "libc++";
				CLANG_ENABLE_MODULES = YES;
				CLANG_ENABLE_OBJC_ARC = YES;
				CLANG_WARN_BOOL_CONVERSION = YES;
				CLANG_WARN_CONSTANT_CONVERSION = YES;
				CLANG_WARN_DIRECT_OBJC_ISA_USAGE = YES_ERROR;
				CLANG_WARN_DOCUMENTATION_COMMENTS = YES;
				CLANG_WARN_EMPTY_BODY = YES;
				CLANG_WARN_ENUM_CONVERSION = YES;
				CLANG_WARN_INFINITE_RECURSION = YES;
				CLANG_WARN_INT_CONVERSION = YES;
				CLANG_WARN_OBJC_ROOT_CLASS = YES_ERROR;
				CLANG_WARN_SUSPICIOUS_MOVE = YES;
				CLANG_WARN_UNREACHABLE_CODE = YES;
				CLANG_WARN__DUPLICATE_METHOD_MATCH = YES;
				"CODE_SIGN_IDENTITY[sdk=iphoneos*]" = "iPhone Developer";
				COPY_PHASE_STRIP = NO;
				DEBUG_INFORMATION_FORMAT = "dwarf-with-dsym";
				ENABLE_NS_ASSERTIONS = NO;
				ENABLE_STRICT_OBJC_MSGSEND = YES;
				GCC_C_LANGUAGE_STANDARD = gnu99;
				GCC_NO_COMMON_BLOCKS = YES;
				GCC_WARN_64_TO_32_BIT_CONVERSION = YES;
				GCC_WARN_ABOUT_RETURN_TYPE = YES_ERROR;
				GCC_WARN_UNDECLARED_SELECTOR = YES;
				GCC_WARN_UNINITIALIZED_AUTOS = YES_AGGRESSIVE;
				GCC_WARN_UNUSED_FUNCTION = YES;
				GCC_WARN_UNUSED_VARIABLE = YES;
				IPHONEOS_DEPLOYMENT_TARGET = 10.3;
				MTL_ENABLE_DEBUG_INFO = NO;
				SDKROOT = iphoneos;
				SWIFT_OPTIMIZATION_LEVEL = "-Owholemodule";
				TARGETED_DEVICE_FAMILY = "1,2";
				VALIDATE_PRODUCT = YES;
			};
			name = Release;
		};
		A50890041F8E0B2A00219762 /* Debug */ = {
			isa = XCBuildConfiguration;
			baseConfigurationReference = FD04254D3EB134D5761A4E54 /* Pods-CatOnCould.debug.xcconfig */;
			buildSettings = {
				ASSETCATALOG_COMPILER_APPICON_NAME = AppIcon;
				INFOPLIST_FILE = CatOnCould/Info.plist;
				LD_RUNPATH_SEARCH_PATHS = "$(inherited) @executable_path/Frameworks";
				PRODUCT_BUNDLE_IDENTIFIER = com.yangyi.CatOnCould;
				PRODUCT_NAME = "$(TARGET_NAME)";
				SWIFT_VERSION = 3.0;
			};
			name = Debug;
		};
		A50890051F8E0B2A00219762 /* Release */ = {
			isa = XCBuildConfiguration;
			baseConfigurationReference = 564F4852DAE4662CDDDE2C81 /* Pods-CatOnCould.release.xcconfig */;
			buildSettings = {
				ASSETCATALOG_COMPILER_APPICON_NAME = AppIcon;
				INFOPLIST_FILE = CatOnCould/Info.plist;
				LD_RUNPATH_SEARCH_PATHS = "$(inherited) @executable_path/Frameworks";
				PRODUCT_BUNDLE_IDENTIFIER = com.yangyi.CatOnCould;
				PRODUCT_NAME = "$(TARGET_NAME)";
				SWIFT_VERSION = 3.0;
			};
			name = Release;
		};
		A54F4D4B1F974B6700FB9CCE /* Debug */ = {
			isa = XCBuildConfiguration;
			baseConfigurationReference = E3D0235BA15AF19516ED1768 /* Pods-CatOnCouldTests.debug.xcconfig */;
			buildSettings = {
				BUNDLE_LOADER = "$(TEST_HOST)";
				CLANG_CXX_LANGUAGE_STANDARD = "gnu++14";
				CLANG_WARN_BLOCK_CAPTURE_AUTORELEASING = YES;
				CLANG_WARN_COMMA = YES;
				CLANG_WARN_NON_LITERAL_NULL_CONVERSION = YES;
				CLANG_WARN_OBJC_LITERAL_CONVERSION = YES;
				CLANG_WARN_RANGE_LOOP_ANALYSIS = YES;
				CLANG_WARN_STRICT_PROTOTYPES = YES;
				CLANG_WARN_UNGUARDED_AVAILABILITY = YES_AGGRESSIVE;
				CODE_SIGN_IDENTITY = "iPhone Developer";
				CODE_SIGN_STYLE = Automatic;
				GCC_C_LANGUAGE_STANDARD = gnu11;
				INFOPLIST_FILE = CatOnCouldTests/Info.plist;
				IPHONEOS_DEPLOYMENT_TARGET = 11.0;
				LD_RUNPATH_SEARCH_PATHS = "$(inherited) @executable_path/Frameworks @loader_path/Frameworks";
				PRODUCT_BUNDLE_IDENTIFIER = com.yangyi.CatOnCouldTests;
				PRODUCT_NAME = "$(TARGET_NAME)";
				SWIFT_VERSION = 4.0;
				TARGETED_DEVICE_FAMILY = "1,2";
				TEST_HOST = "$(BUILT_PRODUCTS_DIR)/CatOnCould.app/CatOnCould";
			};
			name = Debug;
		};
		A54F4D4C1F974B6700FB9CCE /* Release */ = {
			isa = XCBuildConfiguration;
			baseConfigurationReference = 00D41F4AD3EBF924467464D0 /* Pods-CatOnCouldTests.release.xcconfig */;
			buildSettings = {
				BUNDLE_LOADER = "$(TEST_HOST)";
				CLANG_CXX_LANGUAGE_STANDARD = "gnu++14";
				CLANG_WARN_BLOCK_CAPTURE_AUTORELEASING = YES;
				CLANG_WARN_COMMA = YES;
				CLANG_WARN_NON_LITERAL_NULL_CONVERSION = YES;
				CLANG_WARN_OBJC_LITERAL_CONVERSION = YES;
				CLANG_WARN_RANGE_LOOP_ANALYSIS = YES;
				CLANG_WARN_STRICT_PROTOTYPES = YES;
				CLANG_WARN_UNGUARDED_AVAILABILITY = YES_AGGRESSIVE;
				CODE_SIGN_IDENTITY = "iPhone Developer";
				CODE_SIGN_STYLE = Automatic;
				GCC_C_LANGUAGE_STANDARD = gnu11;
				INFOPLIST_FILE = CatOnCouldTests/Info.plist;
				IPHONEOS_DEPLOYMENT_TARGET = 11.0;
				LD_RUNPATH_SEARCH_PATHS = "$(inherited) @executable_path/Frameworks @loader_path/Frameworks";
				PRODUCT_BUNDLE_IDENTIFIER = com.yangyi.CatOnCouldTests;
				PRODUCT_NAME = "$(TARGET_NAME)";
				SWIFT_VERSION = 4.0;
				TARGETED_DEVICE_FAMILY = "1,2";
				TEST_HOST = "$(BUILT_PRODUCTS_DIR)/CatOnCould.app/CatOnCould";
			};
			name = Release;
		};
/* End XCBuildConfiguration section */

/* Begin XCConfigurationList section */
		A5088FEC1F8E0B2A00219762 /* Build configuration list for PBXProject "CatOnCould" */ = {
			isa = XCConfigurationList;
			buildConfigurations = (
				A50890011F8E0B2A00219762 /* Debug */,
				A50890021F8E0B2A00219762 /* Release */,
			);
			defaultConfigurationIsVisible = 0;
			defaultConfigurationName = Release;
		};
		A50890031F8E0B2A00219762 /* Build configuration list for PBXNativeTarget "CatOnCould" */ = {
			isa = XCConfigurationList;
			buildConfigurations = (
				A50890041F8E0B2A00219762 /* Debug */,
				A50890051F8E0B2A00219762 /* Release */,
			);
			defaultConfigurationIsVisible = 0;
			defaultConfigurationName = Release;
		};
		A54F4D4D1F974B6700FB9CCE /* Build configuration list for PBXNativeTarget "CatOnCouldTests" */ = {
			isa = XCConfigurationList;
			buildConfigurations = (
				A54F4D4B1F974B6700FB9CCE /* Debug */,
				A54F4D4C1F974B6700FB9CCE /* Release */,
			);
			defaultConfigurationIsVisible = 0;
			defaultConfigurationName = Release;
		};
/* End XCConfigurationList section */
	};
	rootObject = A5088FE91F8E0B2A00219762 /* Project object */;
}
